
Microsoft Visual Studio Solution File, Format Version 12.00
# Visual Studio 14
VisualStudioVersion = 14.0.25420.1
MinimumVisualStudioVersion = 10.0.40219.1
Project("{FAE04EC0-301F-11D3-BF4B-00C04F79EFBC}") = "ClasessDemo", "ClasessDemo\ClasessDemo.csproj", "{93AE96BD-99D7-4716-8340-8B49AC65A6D2}"
EndProject
Project("{FAE04EC0-301F-11D3-BF4B-00C04F79EFBC}") = "Constructors", "Constructors\Constructors.csproj", "{89C4D099-4E06-4A07-9C61-774B0158DFFA}"
EndProject
Project("{FAE04EC0-301F-11D3-BF4B-00C04F79EFBC}") = "StaticDemo", "StaticDemo\StaticDemo.csproj", "{9663C473-DF9F-403A-8FBC-B71ADBFE413F}"
EndProject
Project("{FAE04EC0-301F-11D3-BF4B-00C04F79EFBC}") = "InheretanceDemo", "InheretanceDemo\InheretanceDemo.csproj", "{333DB740-B8D3-48B7-8F11-DD9AA92693E8}"
EndProject
Global
	GlobalSection(SolutionConfigurationPlatforms) = preSolution
		Debug|Any CPU = Debug|Any CPU
		Release|Any CPU = Release|Any CPU
	EndGlobalSection
	GlobalSection(ProjectConfigurationPlatforms) = postSolution
		{93AE96BD-99D7-4716-8340-8B49AC65A6D2}.Debug|Any CPU.ActiveCfg = Debug|Any CPU
		{93AE96BD-99D7-4716-8340-8B49AC65A6D2}.Debug|Any CPU.Build.0 = Debug|Any CPU
		{93AE96BD-99D7-4716-8340-8B49AC65A6D2}.Release|Any CPU.ActiveCfg = Release|Any CPU
		{93AE96BD-99D7-4716-8340-8B49AC65A6D2}.Release|Any CPU.Build.0 = Release|Any CPU
		{89C4D099-4E06-4A07-9C61-774B0158DFFA}.Debug|Any CPU.ActiveCfg = Debug|Any CPU
		{89C4D099-4E06-4A07-9C61-774B0158DFFA}.Debug|Any CPU.Build.0 = Debug|Any CPU
		{89C4D099-4E06-4A07-9C61-774B0158DFFA}.Release|Any CPU.ActiveCfg = Release|Any CPU
		{89C4D099-4E06-4A07-9C61-774B0158DFFA}.Release|Any CPU.Build.0 = Release|Any CPU
		{9663C473-DF9F-403A-8FBC-B71ADBFE413F}.Debug|Any CPU.ActiveCfg = Debug|Any CPU
		{9663C473-DF9F-403A-8FBC-B71ADBFE413F}.Debug|Any CPU.Build.0 = Debug|Any CPU
		{9663C473-DF9F-403A-8FBC-B71ADBFE413F}.Release|Any CPU.ActiveCfg = Release|Any CPU
		{9663C473-DF9F-403A-8FBC-B71ADBFE413F}.Release|Any CPU.Build.0 = Release|Any CPU
		{333DB740-B8D3-48B7-8F11-DD9AA92693E8}.Debug|Any CPU.ActiveCfg = Debug|Any CPU
		{333DB740-B8D3-48B7-8F11-DD9AA92693E8}.Debug|Any CPU.Build.0 = Debug|Any CPU
		{333DB740-B8D3-48B7-8F11-DD9AA92693E8}.Release|Any CPU.ActiveCfg = Release|Any CPU
		{333DB740-B8D3-48B7-8F11-DD9AA92693E8}.Release|Any CPU.Build.0 = Release|Any CPU
	EndGlobalSection
	GlobalSection(SolutionProperties) = preSolution
		HideSolutionNode = FALSE
	EndGlobalSection
EndGlobal
